// !$*UTF8*$!
{
	archiveVersion = 1;
	classes = {
	};
	objectVersion = 56;
	objects = {

/* Begin PBXBuildFile section */
		123C15222B1A0EE5000AD949 /* UserInfoVC.swift in Sources */ = {isa = PBXBuildFile; fileRef = 123C15212B1A0EE5000AD949 /* UserInfoVC.swift */; };
		123C15252B1A45B7000AD949 /* GFSecondaryTitleLabel.swift in Sources */ = {isa = PBXBuildFile; fileRef = 123C15242B1A45B7000AD949 /* GFSecondaryTitleLabel.swift */; };
		123C15272B1A48A1000AD949 /* GFUserInfoHeaderVC.swift in Sources */ = {isa = PBXBuildFile; fileRef = 123C15262B1A48A1000AD949 /* GFUserInfoHeaderVC.swift */; };
		123C15292B1C8273000AD949 /* Constants.swift in Sources */ = {isa = PBXBuildFile; fileRef = 123C15282B1C8273000AD949 /* Constants.swift */; };
		123C152B2B1C9FE7000AD949 /* GFItemInfoView.swift in Sources */ = {isa = PBXBuildFile; fileRef = 123C152A2B1C9FE7000AD949 /* GFItemInfoView.swift */; };
		123C152F2B1CB97C000AD949 /* GFRepoItemVC.swift in Sources */ = {isa = PBXBuildFile; fileRef = 123C152E2B1CB97C000AD949 /* GFRepoItemVC.swift */; };
		123C15312B1CBBAF000AD949 /* GFFollowerVC.swift in Sources */ = {isa = PBXBuildFile; fileRef = 123C15302B1CBBAF000AD949 /* GFFollowerVC.swift */; };
		123C15342B1CBD6A000AD949 /* GFItemInfoVC.swift in Sources */ = {isa = PBXBuildFile; fileRef = 123C15332B1CBD6A000AD949 /* GFItemInfoVC.swift */; };
		123C15362B1CC05E000AD949 /* Date+Ext.swift in Sources */ = {isa = PBXBuildFile; fileRef = 123C15352B1CC05E000AD949 /* Date+Ext.swift */; };
		12A4BC252AF55123005BE633 /* AppDelegate.swift in Sources */ = {isa = PBXBuildFile; fileRef = 12A4BC242AF55123005BE633 /* AppDelegate.swift */; };
		12A4BC272AF55123005BE633 /* SceneDelegate.swift in Sources */ = {isa = PBXBuildFile; fileRef = 12A4BC262AF55123005BE633 /* SceneDelegate.swift */; };
		12A4BC2E2AF55125005BE633 /* Assets.xcassets in Resources */ = {isa = PBXBuildFile; fileRef = 12A4BC2D2AF55125005BE633 /* Assets.xcassets */; };
		12A4BC312AF55125005BE633 /* LaunchScreen.storyboard in Resources */ = {isa = PBXBuildFile; fileRef = 12A4BC2F2AF55125005BE633 /* LaunchScreen.storyboard */; };
		12A4BC392AF561B8005BE633 /* SearchVC.swift in Sources */ = {isa = PBXBuildFile; fileRef = 12A4BC382AF561B8005BE633 /* SearchVC.swift */; };
		12A4BC3B2AF561E8005BE633 /* FavoritesListVC.swift in Sources */ = {isa = PBXBuildFile; fileRef = 12A4BC3A2AF561E8005BE633 /* FavoritesListVC.swift */; };
		12F220E02B028CB60026866B /* GFButton.swift in Sources */ = {isa = PBXBuildFile; fileRef = 12F220DF2B028CB60026866B /* GFButton.swift */; };
		12F220E22B0290CD0026866B /* GFTextField.swift in Sources */ = {isa = PBXBuildFile; fileRef = 12F220E12B0290CD0026866B /* GFTextField.swift */; };
		12F220FE2B07B69E0026866B /* FollowerListVC.swift in Sources */ = {isa = PBXBuildFile; fileRef = 12F220FD2B07B69E0026866B /* FollowerListVC.swift */; };
		12F221002B07D1270026866B /* String+Ext.swift in Sources */ = {isa = PBXBuildFile; fileRef = 12F220FF2B07D1270026866B /* String+Ext.swift */; };
		12F221022B07D36F0026866B /* GFTitleLabel.swift in Sources */ = {isa = PBXBuildFile; fileRef = 12F221012B07D36F0026866B /* GFTitleLabel.swift */; };
		12F221042B07D72A0026866B /* GFBodyLabel.swift in Sources */ = {isa = PBXBuildFile; fileRef = 12F221032B07D72A0026866B /* GFBodyLabel.swift */; };
		12F221062B07DCF50026866B /* GFAlertVC.swift in Sources */ = {isa = PBXBuildFile; fileRef = 12F221052B07DCF50026866B /* GFAlertVC.swift */; };
		12F221082B09138B0026866B /* UIViewController+Ext.swift in Sources */ = {isa = PBXBuildFile; fileRef = 12F221072B09138B0026866B /* UIViewController+Ext.swift */; };
		12F2210D2B092C620026866B /* Follower.swift in Sources */ = {isa = PBXBuildFile; fileRef = 12F2210C2B092C620026866B /* Follower.swift */; };
		12F2210F2B092CB80026866B /* User.swift in Sources */ = {isa = PBXBuildFile; fileRef = 12F2210E2B092CB80026866B /* User.swift */; };
		12F221132B09366A0026866B /* NetworkManager.swift in Sources */ = {isa = PBXBuildFile; fileRef = 12F221122B09366A0026866B /* NetworkManager.swift */; };
		12F221152B0A6E2F0026866B /* GFError.swift in Sources */ = {isa = PBXBuildFile; fileRef = 12F221142B0A6E2F0026866B /* GFError.swift */; };
		12F221172B0A81850026866B /* FollowerCell.swift in Sources */ = {isa = PBXBuildFile; fileRef = 12F221162B0A81850026866B /* FollowerCell.swift */; };
		12F2211A2B0A82150026866B /* GFAvatarImageView.swift in Sources */ = {isa = PBXBuildFile; fileRef = 12F221192B0A82150026866B /* GFAvatarImageView.swift */; };
		12F2211F2B1142CC0026866B /* UIHelpers.swift in Sources */ = {isa = PBXBuildFile; fileRef = 12F2211E2B1142CC0026866B /* UIHelpers.swift */; };
		12F221272B1252360026866B /* GFEmptyStateView.swift in Sources */ = {isa = PBXBuildFile; fileRef = 12F221262B1252360026866B /* GFEmptyStateView.swift */; };
/* End PBXBuildFile section */

/* Begin PBXFileReference section */
		123C15212B1A0EE5000AD949 /* UserInfoVC.swift */ = {isa = PBXFileReference; lastKnownFileType = sourcecode.swift; path = UserInfoVC.swift; sourceTree = "<group>"; };
		123C15242B1A45B7000AD949 /* GFSecondaryTitleLabel.swift */ = {isa = PBXFileReference; lastKnownFileType = sourcecode.swift; path = GFSecondaryTitleLabel.swift; sourceTree = "<group>"; };
		123C15262B1A48A1000AD949 /* GFUserInfoHeaderVC.swift */ = {isa = PBXFileReference; lastKnownFileType = sourcecode.swift; path = GFUserInfoHeaderVC.swift; sourceTree = "<group>"; };
		123C15282B1C8273000AD949 /* Constants.swift */ = {isa = PBXFileReference; lastKnownFileType = sourcecode.swift; path = Constants.swift; sourceTree = "<group>"; };
		123C152A2B1C9FE7000AD949 /* GFItemInfoView.swift */ = {isa = PBXFileReference; lastKnownFileType = sourcecode.swift; path = GFItemInfoView.swift; sourceTree = "<group>"; };
		123C152E2B1CB97C000AD949 /* GFRepoItemVC.swift */ = {isa = PBXFileReference; lastKnownFileType = sourcecode.swift; path = GFRepoItemVC.swift; sourceTree = "<group>"; };
		123C15302B1CBBAF000AD949 /* GFFollowerVC.swift */ = {isa = PBXFileReference; lastKnownFileType = sourcecode.swift; path = GFFollowerVC.swift; sourceTree = "<group>"; };
		123C15332B1CBD6A000AD949 /* GFItemInfoVC.swift */ = {isa = PBXFileReference; lastKnownFileType = sourcecode.swift; path = GFItemInfoVC.swift; sourceTree = "<group>"; };
		123C15352B1CC05E000AD949 /* Date+Ext.swift */ = {isa = PBXFileReference; lastKnownFileType = sourcecode.swift; path = "Date+Ext.swift"; sourceTree = "<group>"; };
		12A4BC212AF55123005BE633 /* GHFollowers.app */ = {isa = PBXFileReference; explicitFileType = wrapper.application; includeInIndex = 0; path = GHFollowers.app; sourceTree = BUILT_PRODUCTS_DIR; };
		12A4BC242AF55123005BE633 /* AppDelegate.swift */ = {isa = PBXFileReference; lastKnownFileType = sourcecode.swift; path = AppDelegate.swift; sourceTree = "<group>"; };
		12A4BC262AF55123005BE633 /* SceneDelegate.swift */ = {isa = PBXFileReference; lastKnownFileType = sourcecode.swift; path = SceneDelegate.swift; sourceTree = "<group>"; };
		12A4BC2D2AF55125005BE633 /* Assets.xcassets */ = {isa = PBXFileReference; lastKnownFileType = folder.assetcatalog; path = Assets.xcassets; sourceTree = "<group>"; };
		12A4BC302AF55125005BE633 /* Base */ = {isa = PBXFileReference; lastKnownFileType = file.storyboard; name = Base; path = Base.lproj/LaunchScreen.storyboard; sourceTree = "<group>"; };
		12A4BC322AF55125005BE633 /* Info.plist */ = {isa = PBXFileReference; lastKnownFileType = text.plist.xml; path = Info.plist; sourceTree = "<group>"; };
		12A4BC382AF561B8005BE633 /* SearchVC.swift */ = {isa = PBXFileReference; lastKnownFileType = sourcecode.swift; path = SearchVC.swift; sourceTree = "<group>"; };
		12A4BC3A2AF561E8005BE633 /* FavoritesListVC.swift */ = {isa = PBXFileReference; lastKnownFileType = sourcecode.swift; path = FavoritesListVC.swift; sourceTree = "<group>"; };
		12F220DF2B028CB60026866B /* GFButton.swift */ = {isa = PBXFileReference; lastKnownFileType = sourcecode.swift; path = GFButton.swift; sourceTree = "<group>"; };
		12F220E12B0290CD0026866B /* GFTextField.swift */ = {isa = PBXFileReference; lastKnownFileType = sourcecode.swift; path = GFTextField.swift; sourceTree = "<group>"; };
		12F220FD2B07B69E0026866B /* FollowerListVC.swift */ = {isa = PBXFileReference; lastKnownFileType = sourcecode.swift; path = FollowerListVC.swift; sourceTree = "<group>"; };
		12F220FF2B07D1270026866B /* String+Ext.swift */ = {isa = PBXFileReference; fileEncoding = 4; lastKnownFileType = sourcecode.swift; path = "String+Ext.swift"; sourceTree = "<group>"; };
		12F221012B07D36F0026866B /* GFTitleLabel.swift */ = {isa = PBXFileReference; lastKnownFileType = sourcecode.swift; path = GFTitleLabel.swift; sourceTree = "<group>"; };
		12F221032B07D72A0026866B /* GFBodyLabel.swift */ = {isa = PBXFileReference; lastKnownFileType = sourcecode.swift; path = GFBodyLabel.swift; sourceTree = "<group>"; };
		12F221052B07DCF50026866B /* GFAlertVC.swift */ = {isa = PBXFileReference; lastKnownFileType = sourcecode.swift; path = GFAlertVC.swift; sourceTree = "<group>"; };
		12F221072B09138B0026866B /* UIViewController+Ext.swift */ = {isa = PBXFileReference; lastKnownFileType = sourcecode.swift; path = "UIViewController+Ext.swift"; sourceTree = "<group>"; };
		12F2210C2B092C620026866B /* Follower.swift */ = {isa = PBXFileReference; lastKnownFileType = sourcecode.swift; path = Follower.swift; sourceTree = "<group>"; };
		12F2210E2B092CB80026866B /* User.swift */ = {isa = PBXFileReference; lastKnownFileType = sourcecode.swift; path = User.swift; sourceTree = "<group>"; };
		12F221122B09366A0026866B /* NetworkManager.swift */ = {isa = PBXFileReference; lastKnownFileType = sourcecode.swift; path = NetworkManager.swift; sourceTree = "<group>"; };
		12F221142B0A6E2F0026866B /* GFError.swift */ = {isa = PBXFileReference; lastKnownFileType = sourcecode.swift; path = GFError.swift; sourceTree = "<group>"; };
		12F221162B0A81850026866B /* FollowerCell.swift */ = {isa = PBXFileReference; lastKnownFileType = sourcecode.swift; path = FollowerCell.swift; sourceTree = "<group>"; };
		12F221192B0A82150026866B /* GFAvatarImageView.swift */ = {isa = PBXFileReference; lastKnownFileType = sourcecode.swift; path = GFAvatarImageView.swift; sourceTree = "<group>"; };
		12F2211E2B1142CC0026866B /* UIHelpers.swift */ = {isa = PBXFileReference; lastKnownFileType = sourcecode.swift; path = UIHelpers.swift; sourceTree = "<group>"; };
		12F221262B1252360026866B /* GFEmptyStateView.swift */ = {isa = PBXFileReference; lastKnownFileType = sourcecode.swift; path = GFEmptyStateView.swift; sourceTree = "<group>"; };
/* End PBXFileReference section */

/* Begin PBXFrameworksBuildPhase section */
		12A4BC1E2AF55123005BE633 /* Frameworks */ = {
			isa = PBXFrameworksBuildPhase;
			buildActionMask = 2147483647;
			files = (
			);
			runOnlyForDeploymentPostprocessing = 0;
		};
/* End PBXFrameworksBuildPhase section */

/* Begin PBXGroup section */
		123C15232B1A3B86000AD949 /* Utilities */ = {
			isa = PBXGroup;
			children = (
				12F2211E2B1142CC0026866B /* UIHelpers.swift */,
				12F221142B0A6E2F0026866B /* GFError.swift */,
				123C15282B1C8273000AD949 /* Constants.swift */,
			);
			path = Utilities;
			sourceTree = "<group>";
		};
		123C15322B1CBC5F000AD949 /* InfoItemVCs */ = {
			isa = PBXGroup;
			children = (
				123C152E2B1CB97C000AD949 /* GFRepoItemVC.swift */,
				123C15302B1CBBAF000AD949 /* GFFollowerVC.swift */,
				123C15332B1CBD6A000AD949 /* GFItemInfoVC.swift */,
			);
			path = InfoItemVCs;
			sourceTree = "<group>";
		};
		12A4BC182AF55123005BE633 = {
			isa = PBXGroup;
			children = (
				12A4BC232AF55123005BE633 /* GHFollowers */,
				12A4BC222AF55123005BE633 /* Products */,
			);
			sourceTree = "<group>";
		};
		12A4BC222AF55123005BE633 /* Products */ = {
			isa = PBXGroup;
			children = (
				12A4BC212AF55123005BE633 /* GHFollowers.app */,
			);
			name = Products;
			sourceTree = "<group>";
		};
		12A4BC232AF55123005BE633 /* GHFollowers */ = {
			isa = PBXGroup;
			children = (
				12F221112B0936540026866B /* Model */,
				12F221092B091FCA0026866B /* Screens */,
				12F2210B2B0920680026866B /* Extensions */,
				12F2210A2B091FF80026866B /* Custom Views */,
				12F221102B0931E20026866B /* Support */,
				12A4BC2F2AF55125005BE633 /* LaunchScreen.storyboard */,
				12A4BC322AF55125005BE633 /* Info.plist */,
				12F221122B09366A0026866B /* NetworkManager.swift */,
				123C15232B1A3B86000AD949 /* Utilities */,
			);
			path = GHFollowers;
			sourceTree = "<group>";
		};
		12F221092B091FCA0026866B /* Screens */ = {
			isa = PBXGroup;
			children = (
				12F220FD2B07B69E0026866B /* FollowerListVC.swift */,
				12A4BC382AF561B8005BE633 /* SearchVC.swift */,
				12A4BC3A2AF561E8005BE633 /* FavoritesListVC.swift */,
				123C15212B1A0EE5000AD949 /* UserInfoVC.swift */,
			);
			path = Screens;
			sourceTree = "<group>";
		};
		12F2210A2B091FF80026866B /* Custom Views */ = {
			isa = PBXGroup;
			children = (
				12F221252B1251BF0026866B /* ViewControllers */,
				12F221242B1251A60026866B /* Labels */,
				12F221232B12519E0026866B /* ImageViews */,
				12F221222B1251940026866B /* TextFields */,
				12F221212B12518D0026866B /* Buttons */,
				12F221202B1251810026866B /* Views */,
				12F221182B0A81E80026866B /* Cells */,
			);
			path = "Custom Views";
			sourceTree = "<group>";
		};
		12F2210B2B0920680026866B /* Extensions */ = {
			isa = PBXGroup;
			children = (
				12F220FF2B07D1270026866B /* String+Ext.swift */,
				12F221072B09138B0026866B /* UIViewController+Ext.swift */,
				123C15352B1CC05E000AD949 /* Date+Ext.swift */,
			);
			path = Extensions;
			sourceTree = "<group>";
		};
		12F221102B0931E20026866B /* Support */ = {
			isa = PBXGroup;
			children = (
				12A4BC242AF55123005BE633 /* AppDelegate.swift */,
				12A4BC262AF55123005BE633 /* SceneDelegate.swift */,
				12A4BC2D2AF55125005BE633 /* Assets.xcassets */,
			);
			path = Support;
			sourceTree = "<group>";
		};
		12F221112B0936540026866B /* Model */ = {
			isa = PBXGroup;
			children = (
				12F2210C2B092C620026866B /* Follower.swift */,
				12F2210E2B092CB80026866B /* User.swift */,
			);
			path = Model;
			sourceTree = "<group>";
		};
		12F221182B0A81E80026866B /* Cells */ = {
			isa = PBXGroup;
			children = (
				12F221162B0A81850026866B /* FollowerCell.swift */,
				12F221192B0A82150026866B /* GFAvatarImageView.swift */,
			);
			path = Cells;
			sourceTree = "<group>";
		};
		12F221202B1251810026866B /* Views */ = {
			isa = PBXGroup;
			children = (
				12F221262B1252360026866B /* GFEmptyStateView.swift */,
				123C152A2B1C9FE7000AD949 /* GFItemInfoView.swift */,
			);
			path = Views;
			sourceTree = "<group>";
		};
		12F221212B12518D0026866B /* Buttons */ = {
			isa = PBXGroup;
			children = (
				12F220DF2B028CB60026866B /* GFButton.swift */,
			);
			path = Buttons;
			sourceTree = "<group>";
		};
		12F221222B1251940026866B /* TextFields */ = {
			isa = PBXGroup;
			children = (
				12F220E12B0290CD0026866B /* GFTextField.swift */,
			);
			path = TextFields;
			sourceTree = "<group>";
		};
		12F221232B12519E0026866B /* ImageViews */ = {
			isa = PBXGroup;
			children = (
			);
			path = ImageViews;
			sourceTree = "<group>";
		};
		12F221242B1251A60026866B /* Labels */ = {
			isa = PBXGroup;
			children = (
				12F221012B07D36F0026866B /* GFTitleLabel.swift */,
				12F221032B07D72A0026866B /* GFBodyLabel.swift */,
				123C15242B1A45B7000AD949 /* GFSecondaryTitleLabel.swift */,
			);
			path = Labels;
			sourceTree = "<group>";
		};
		12F221252B1251BF0026866B /* ViewControllers */ = {
			isa = PBXGroup;
			children = (
				12F221052B07DCF50026866B /* GFAlertVC.swift */,
				123C15262B1A48A1000AD949 /* GFUserInfoHeaderVC.swift */,
				123C15322B1CBC5F000AD949 /* InfoItemVCs */,
			);
			path = ViewControllers;
			sourceTree = "<group>";
		};
/* End PBXGroup section */

/* Begin PBXNativeTarget section */
		12A4BC202AF55123005BE633 /* GHFollowers */ = {
			isa = PBXNativeTarget;
			buildConfigurationList = 12A4BC352AF55125005BE633 /* Build configuration list for PBXNativeTarget "GHFollowers" */;
			buildPhases = (
				12A4BC1D2AF55123005BE633 /* Sources */,
				12A4BC1E2AF55123005BE633 /* Frameworks */,
				12A4BC1F2AF55123005BE633 /* Resources */,
			);
			buildRules = (
			);
			dependencies = (
			);
			name = GHFollowers;
			productName = GHFollowers;
			productReference = 12A4BC212AF55123005BE633 /* GHFollowers.app */;
			productType = "com.apple.product-type.application";
		};
/* End PBXNativeTarget section */

/* Begin PBXProject section */
		12A4BC192AF55123005BE633 /* Project object */ = {
			isa = PBXProject;
			attributes = {
				BuildIndependentTargetsInParallel = 1;
				LastSwiftUpdateCheck = 1500;
				LastUpgradeCheck = 1500;
				TargetAttributes = {
					12A4BC202AF55123005BE633 = {
						CreatedOnToolsVersion = 15.0;
					};
				};
			};
			buildConfigurationList = 12A4BC1C2AF55123005BE633 /* Build configuration list for PBXProject "GHFollowers" */;
			compatibilityVersion = "Xcode 14.0";
			developmentRegion = en;
			hasScannedForEncodings = 0;
			knownRegions = (
				en,
				Base,
			);
			mainGroup = 12A4BC182AF55123005BE633;
			productRefGroup = 12A4BC222AF55123005BE633 /* Products */;
			projectDirPath = "";
			projectRoot = "";
			targets = (
				12A4BC202AF55123005BE633 /* GHFollowers */,
			);
		};
/* End PBXProject section */

/* Begin PBXResourcesBuildPhase section */
		12A4BC1F2AF55123005BE633 /* Resources */ = {
			isa = PBXResourcesBuildPhase;
			buildActionMask = 2147483647;
			files = (
				12A4BC312AF55125005BE633 /* LaunchScreen.storyboard in Resources */,
				12A4BC2E2AF55125005BE633 /* Assets.xcassets in Resources */,
			);
			runOnlyForDeploymentPostprocessing = 0;
		};
/* End PBXResourcesBuildPhase section */

/* Begin PBXSourcesBuildPhase section */
		12A4BC1D2AF55123005BE633 /* Sources */ = {
			isa = PBXSourcesBuildPhase;
			buildActionMask = 2147483647;
			files = (
				12F220E22B0290CD0026866B /* GFTextField.swift in Sources */,
				12A4BC3B2AF561E8005BE633 /* FavoritesListVC.swift in Sources */,
				123C15342B1CBD6A000AD949 /* GFItemInfoVC.swift in Sources */,
				123C15312B1CBBAF000AD949 /* GFFollowerVC.swift in Sources */,
				12F221082B09138B0026866B /* UIViewController+Ext.swift in Sources */,
				12F220E02B028CB60026866B /* GFButton.swift in Sources */,
				12A4BC392AF561B8005BE633 /* SearchVC.swift in Sources */,
				12F221272B1252360026866B /* GFEmptyStateView.swift in Sources */,
				12F220FE2B07B69E0026866B /* FollowerListVC.swift in Sources */,
				12F2211F2B1142CC0026866B /* UIHelpers.swift in Sources */,
				12F2210F2B092CB80026866B /* User.swift in Sources */,
				12F221172B0A81850026866B /* FollowerCell.swift in Sources */,
				12F2211A2B0A82150026866B /* GFAvatarImageView.swift in Sources */,
				123C15222B1A0EE5000AD949 /* UserInfoVC.swift in Sources */,
				123C152F2B1CB97C000AD949 /* GFRepoItemVC.swift in Sources */,
				12F2210D2B092C620026866B /* Follower.swift in Sources */,
				12F221062B07DCF50026866B /* GFAlertVC.swift in Sources */,
				12A4BC252AF55123005BE633 /* AppDelegate.swift in Sources */,
				123C15272B1A48A1000AD949 /* GFUserInfoHeaderVC.swift in Sources */,
				123C15252B1A45B7000AD949 /* GFSecondaryTitleLabel.swift in Sources */,
				12F221022B07D36F0026866B /* GFTitleLabel.swift in Sources */,
				12F221002B07D1270026866B /* String+Ext.swift in Sources */,
				12F221152B0A6E2F0026866B /* GFError.swift in Sources */,
				123C15362B1CC05E000AD949 /* Date+Ext.swift in Sources */,
				12F221132B09366A0026866B /* NetworkManager.swift in Sources */,
				12A4BC272AF55123005BE633 /* SceneDelegate.swift in Sources */,
				123C152B2B1C9FE7000AD949 /* GFItemInfoView.swift in Sources */,
				12F221042B07D72A0026866B /* GFBodyLabel.swift in Sources */,
				123C15292B1C8273000AD949 /* Constants.swift in Sources */,
			);
			runOnlyForDeploymentPostprocessing = 0;
		};
/* End PBXSourcesBuildPhase section */

/* Begin PBXVariantGroup section */
		12A4BC2F2AF55125005BE633 /* LaunchScreen.storyboard */ = {
			isa = PBXVariantGroup;
			children = (
				12A4BC302AF55125005BE633 /* Base */,
			);
			name = LaunchScreen.storyboard;
			sourceTree = "<group>";
		};
/* End PBXVariantGroup section */

/* Begin XCBuildConfiguration section */
		12A4BC332AF55125005BE633 /* Debug */ = {
			isa = XCBuildConfiguration;
			buildSettings = {
				ALWAYS_SEARCH_USER_PATHS = NO;
				ASSETCATALOG_COMPILER_GENERATE_SWIFT_ASSET_SYMBOL_EXTENSIONS = YES;
				CLANG_ANALYZER_NONNULL = YES;
				CLANG_ANALYZER_NUMBER_OBJECT_CONVERSION = YES_AGGRESSIVE;
				CLANG_CXX_LANGUAGE_STANDARD = "gnu++20";
				CLANG_ENABLE_MODULES = YES;
				CLANG_ENABLE_OBJC_ARC = YES;
				CLANG_ENABLE_OBJC_WEAK = YES;
				CLANG_WARN_BLOCK_CAPTURE_AUTORELEASING = YES;
				CLANG_WARN_BOOL_CONVERSION = YES;
				CLANG_WARN_COMMA = YES;
				CLANG_WARN_CONSTANT_CONVERSION = YES;
				CLANG_WARN_DEPRECATED_OBJC_IMPLEMENTATIONS = YES;
				CLANG_WARN_DIRECT_OBJC_ISA_USAGE = YES_ERROR;
				CLANG_WARN_DOCUMENTATION_COMMENTS = YES;
				CLANG_WARN_EMPTY_BODY = YES;
				CLANG_WARN_ENUM_CONVERSION = YES;
				CLANG_WARN_INFINITE_RECURSION = YES;
				CLANG_WARN_INT_CONVERSION = YES;
				CLANG_WARN_NON_LITERAL_NULL_CONVERSION = YES;
				CLANG_WARN_OBJC_IMPLICIT_RETAIN_SELF = YES;
				CLANG_WARN_OBJC_LITERAL_CONVERSION = YES;
				CLANG_WARN_OBJC_ROOT_CLASS = YES_ERROR;
				CLANG_WARN_QUOTED_INCLUDE_IN_FRAMEWORK_HEADER = YES;
				CLANG_WARN_RANGE_LOOP_ANALYSIS = YES;
				CLANG_WARN_STRICT_PROTOTYPES = YES;
				CLANG_WARN_SUSPICIOUS_MOVE = YES;
				CLANG_WARN_UNGUARDED_AVAILABILITY = YES_AGGRESSIVE;
				CLANG_WARN_UNREACHABLE_CODE = YES;
				CLANG_WARN__DUPLICATE_METHOD_MATCH = YES;
				COPY_PHASE_STRIP = NO;
				DEBUG_INFORMATION_FORMAT = dwarf;
				ENABLE_STRICT_OBJC_MSGSEND = YES;
				ENABLE_TESTABILITY = YES;
				ENABLE_USER_SCRIPT_SANDBOXING = YES;
				GCC_C_LANGUAGE_STANDARD = gnu17;
				GCC_DYNAMIC_NO_PIC = NO;
				GCC_NO_COMMON_BLOCKS = YES;
				GCC_OPTIMIZATION_LEVEL = 0;
				GCC_PREPROCESSOR_DEFINITIONS = (
					"DEBUG=1",
					"$(inherited)",
				);
				GCC_WARN_64_TO_32_BIT_CONVERSION = YES;
				GCC_WARN_ABOUT_RETURN_TYPE = YES_ERROR;
				GCC_WARN_UNDECLARED_SELECTOR = YES;
				GCC_WARN_UNINITIALIZED_AUTOS = YES_AGGRESSIVE;
				GCC_WARN_UNUSED_FUNCTION = YES;
				GCC_WARN_UNUSED_VARIABLE = YES;
				IPHONEOS_DEPLOYMENT_TARGET = 15.0;
				LOCALIZATION_PREFERS_STRING_CATALOGS = YES;
				MTL_ENABLE_DEBUG_INFO = INCLUDE_SOURCE;
				MTL_FAST_MATH = YES;
				ONLY_ACTIVE_ARCH = YES;
				SDKROOT = iphoneos;
				SWIFT_ACTIVE_COMPILATION_CONDITIONS = "DEBUG $(inherited)";
				SWIFT_OPTIMIZATION_LEVEL = "-Onone";
			};
			name = Debug;
		};
		12A4BC342AF55125005BE633 /* Release */ = {
			isa = XCBuildConfiguration;
			buildSettings = {
				ALWAYS_SEARCH_USER_PATHS = NO;
				ASSETCATALOG_COMPILER_GENERATE_SWIFT_ASSET_SYMBOL_EXTENSIONS = YES;
				CLANG_ANALYZER_NONNULL = YES;
				CLANG_ANALYZER_NUMBER_OBJECT_CONVERSION = YES_AGGRESSIVE;
				CLANG_CXX_LANGUAGE_STANDARD = "gnu++20";
				CLANG_ENABLE_MODULES = YES;
				CLANG_ENABLE_OBJC_ARC = YES;
				CLANG_ENABLE_OBJC_WEAK = YES;
				CLANG_WARN_BLOCK_CAPTURE_AUTORELEASING = YES;
				CLANG_WARN_BOOL_CONVERSION = YES;
				CLANG_WARN_COMMA = YES;
				CLANG_WARN_CONSTANT_CONVERSION = YES;
				CLANG_WARN_DEPRECATED_OBJC_IMPLEMENTATIONS = YES;
				CLANG_WARN_DIRECT_OBJC_ISA_USAGE = YES_ERROR;
				CLANG_WARN_DOCUMENTATION_COMMENTS = YES;
				CLANG_WARN_EMPTY_BODY = YES;
				CLANG_WARN_ENUM_CONVERSION = YES;
				CLANG_WARN_INFINITE_RECURSION = YES;
				CLANG_WARN_INT_CONVERSION = YES;
				CLANG_WARN_NON_LITERAL_NULL_CONVERSION = YES;
				CLANG_WARN_OBJC_IMPLICIT_RETAIN_SELF = YES;
				CLANG_WARN_OBJC_LITERAL_CONVERSION = YES;
				CLANG_WARN_OBJC_ROOT_CLASS = YES_ERROR;
				CLANG_WARN_QUOTED_INCLUDE_IN_FRAMEWORK_HEADER = YES;
				CLANG_WARN_RANGE_LOOP_ANALYSIS = YES;
				CLANG_WARN_STRICT_PROTOTYPES = YES;
				CLANG_WARN_SUSPICIOUS_MOVE = YES;
				CLANG_WARN_UNGUARDED_AVAILABILITY = YES_AGGRESSIVE;
				CLANG_WARN_UNREACHABLE_CODE = YES;
				CLANG_WARN__DUPLICATE_METHOD_MATCH = YES;
				COPY_PHASE_STRIP = NO;
				DEBUG_INFORMATION_FORMAT = "dwarf-with-dsym";
				ENABLE_NS_ASSERTIONS = NO;
				ENABLE_STRICT_OBJC_MSGSEND = YES;
				ENABLE_USER_SCRIPT_SANDBOXING = YES;
				GCC_C_LANGUAGE_STANDARD = gnu17;
				GCC_NO_COMMON_BLOCKS = YES;
				GCC_WARN_64_TO_32_BIT_CONVERSION = YES;
				GCC_WARN_ABOUT_RETURN_TYPE = YES_ERROR;
				GCC_WARN_UNDECLARED_SELECTOR = YES;
				GCC_WARN_UNINITIALIZED_AUTOS = YES_AGGRESSIVE;
				GCC_WARN_UNUSED_FUNCTION = YES;
				GCC_WARN_UNUSED_VARIABLE = YES;
				IPHONEOS_DEPLOYMENT_TARGET = 15.0;
				LOCALIZATION_PREFERS_STRING_CATALOGS = YES;
				MTL_ENABLE_DEBUG_INFO = NO;
				MTL_FAST_MATH = YES;
				SDKROOT = iphoneos;
				SWIFT_COMPILATION_MODE = wholemodule;
				VALIDATE_PRODUCT = YES;
			};
			name = Release;
		};
		12A4BC362AF55125005BE633 /* Debug */ = {
			isa = XCBuildConfiguration;
			buildSettings = {
				ASSETCATALOG_COMPILER_APPICON_NAME = AppIcon;
				ASSETCATALOG_COMPILER_GLOBAL_ACCENT_COLOR_NAME = AccentColor;
				CODE_SIGN_STYLE = Automatic;
				CURRENT_PROJECT_VERSION = 1;
				DEVELOPMENT_TEAM = 3FFNVKTG8D;
				GENERATE_INFOPLIST_FILE = YES;
				INFOPLIST_FILE = GHFollowers/Info.plist;
				INFOPLIST_KEY_UIApplicationSupportsIndirectInputEvents = YES;
				INFOPLIST_KEY_UILaunchStoryboardName = LaunchScreen;
				INFOPLIST_KEY_UIStatusBarStyle = "";
				INFOPLIST_KEY_UISupportedInterfaceOrientations = UIInterfaceOrientationPortrait;
				INFOPLIST_KEY_UISupportedInterfaceOrientations_iPad = "UIInterfaceOrientationLandscapeLeft UIInterfaceOrientationLandscapeRight UIInterfaceOrientationPortrait UIInterfaceOrientationPortraitUpsideDown";
				LD_RUNPATH_SEARCH_PATHS = (
					"$(inherited)",
					"@executable_path/Frameworks",
				);
				MARKETING_VERSION = 1.0;
				PRODUCT_BUNDLE_IDENTIFIER = othmanshahrouri.GHFollowers;
				PRODUCT_NAME = "$(TARGET_NAME)";
				SUPPORTED_PLATFORMS = "iphoneos iphonesimulator";
				SUPPORTS_MACCATALYST = NO;
				SUPPORTS_MAC_DESIGNED_FOR_IPHONE_IPAD = NO;
				SWIFT_EMIT_LOC_STRINGS = YES;
				SWIFT_VERSION = 5.0;
				TARGETED_DEVICE_FAMILY = 1;
			};
			name = Debug;
		};
		12A4BC372AF55125005BE633 /* Release */ = {
			isa = XCBuildConfiguration;
			buildSettings = {
				ASSETCATALOG_COMPILER_APPICON_NAME = AppIcon;
				ASSETCATALOG_COMPILER_GLOBAL_ACCENT_COLOR_NAME = AccentColor;
				CODE_SIGN_STYLE = Automatic;
				CURRENT_PROJECT_VERSION = 1;
				DEVELOPMENT_TEAM = 3797M245X7;
				GENERATE_INFOPLIST_FILE = YES;
				INFOPLIST_FILE = GHFollowers/Info.plist;
				INFOPLIST_KEY_UIApplicationSupportsIndirectInputEvents = YES;
				INFOPLIST_KEY_UILaunchStoryboardName = LaunchScreen;
				INFOPLIST_KEY_UIStatusBarStyle = "";
				INFOPLIST_KEY_UISupportedInterfaceOrientations = UIInterfaceOrientationPortrait;
				INFOPLIST_KEY_UISupportedInterfaceOrientations_iPad = "UIInterfaceOrientationLandscapeLeft UIInterfaceOrientationLandscapeRight UIInterfaceOrientationPortrait UIInterfaceOrientationPortraitUpsideDown";
				LD_RUNPATH_SEARCH_PATHS = (
					"$(inherited)",
					"@executable_path/Frameworks",
				);
				MARKETING_VERSION = 1.0;
				PRODUCT_BUNDLE_IDENTIFIER = othmanshahrouri.GHFollowers;
				PRODUCT_NAME = "$(TARGET_NAME)";
				SUPPORTED_PLATFORMS = "iphoneos iphonesimulator";
				SUPPORTS_MACCATALYST = NO;
				SUPPORTS_MAC_DESIGNED_FOR_IPHONE_IPAD = NO;
				SWIFT_EMIT_LOC_STRINGS = YES;
				SWIFT_VERSION = 5.0;
				TARGETED_DEVICE_FAMILY = 1;
			};
			name = Release;
		};
/* End XCBuildConfiguration section */

/* Begin XCConfigurationList section */
		12A4BC1C2AF55123005BE633 /* Build configuration list for PBXProject "GHFollowers" */ = {
			isa = XCConfigurationList;
			buildConfigurations = (
				12A4BC332AF55125005BE633 /* Debug */,
				12A4BC342AF55125005BE633 /* Release */,
			);
			defaultConfigurationIsVisible = 0;
			defaultConfigurationName = Release;
		};
		12A4BC352AF55125005BE633 /* Build configuration list for PBXNativeTarget "GHFollowers" */ = {
			isa = XCConfigurationList;
			buildConfigurations = (
				12A4BC362AF55125005BE633 /* Debug */,
				12A4BC372AF55125005BE633 /* Release */,
			);
			defaultConfigurationIsVisible = 0;
			defaultConfigurationName = Release;
		};
/* End XCConfigurationList section */
	};
	rootObject = 12A4BC192AF55123005BE633 /* Project object */;
}
